
Microsoft Visual Studio Solution File, Format Version 12.00
# Visual Studio 15
VisualStudioVersion = 15.0.26730.16
MinimumVisualStudioVersion = 10.0.40219.1
Project("{FAE04EC0-301F-11D3-BF4B-00C04F79EFBC}") = "QUIZ", "QUIZ\QUIZ.csproj", "{CEF3CA9C-1A48-4610-939C-48F5557863CE}"
EndProject
Global
	GlobalSection(SolutionConfigurationPlatforms) = preSolution
		Debug|Any CPU = Debug|Any CPU
		Release|Any CPU = Release|Any CPU
	EndGlobalSection
	GlobalSection(ProjectConfigurationPlatforms) = postSolution
		{CEF3CA9C-1A48-4610-939C-48F5557863CE}.Debug|Any CPU.ActiveCfg = Debug|Any CPU
		{CEF3CA9C-1A48-4610-939C-48F5557863CE}.Debug|Any CPU.Build.0 = Debug|Any CPU
		{CEF3CA9C-1A48-4610-939C-48F5557863CE}.Release|Any CPU.ActiveCfg = Release|Any CPU
		{CEF3CA9C-1A48-4610-939C-48F5557863CE}.Release|Any CPU.Build.0 = Release|Any CPU
	EndGlobalSection
	GlobalSection(SolutionProperties) = preSolution
		HideSolutionNode = FALSE
	EndGlobalSection
	GlobalSection(ExtensibilityGlobals) = postSolution
		SolutionGuid = {D8B7B4D1-F2CA-4CF3-B216-08B28C814A43}
	EndGlobalSection
EndGlobal
